
Microsoft Visual Studio Solution File, Format Version 12.00
# Visual Studio Version 17
VisualStudioVersion = 17.5.33502.453
MinimumVisualStudioVersion = 10.0.40219.1
Project("{FAE04EC0-301F-11D3-BF4B-00C04F79EFBC}") = "Mission14", "Mission14.csproj", "{EB2BF022-E8E8-47EC-9CFC-FDDCEB0D3C51}"
EndProject
Global
	GlobalSection(SolutionConfigurationPlatforms) = preSolution
		Debug|Any CPU = Debug|Any CPU
		Release|Any CPU = Release|Any CPU
	EndGlobalSection
	GlobalSection(ProjectConfigurationPlatforms) = postSolution
		{EB2BF022-E8E8-47EC-9CFC-FDDCEB0D3C51}.Debug|Any CPU.ActiveCfg = Debug|Any CPU
		{EB2BF022-E8E8-47EC-9CFC-FDDCEB0D3C51}.Debug|Any CPU.Build.0 = Debug|Any CPU
		{EB2BF022-E8E8-47EC-9CFC-FDDCEB0D3C51}.Release|Any CPU.ActiveCfg = Release|Any CPU
		{EB2BF022-E8E8-47EC-9CFC-FDDCEB0D3C51}.Release|Any CPU.Build.0 = Release|Any CPU
	EndGlobalSection
	GlobalSection(SolutionProperties) = preSolution
		HideSolutionNode = FALSE
	EndGlobalSection
	GlobalSection(ExtensibilityGlobals) = postSolution
		SolutionGuid = {2288104B-AF15-4755-B6A2-55A442310A62}
	EndGlobalSection
EndGlobal
